<?xml version="1.0" encoding="utf-8"?>
<Project ToolsVersion="4.0" xmlns="http://schemas.microsoft.com/developer/msbuild/2003">
  <ItemGroup>
    <ClCompile Include="lzh_maindll.c" />
    <ClCompile Include="lzh_link.c" />
    <ClCompile Include="lzh_mem.c" />
    <ClCompile Include="lzh_mem_page.c" />
    <ClCompile Include="lzh_engine.c" />
    <ClCompile Include="lzh_sprite.c" />
    <ClCompile Include="lzh_keyboard.c" />
    <ClCompile Include="lzh_object.c" />
    <ClCompile Include="lzh_render_queue.c" />
  </ItemGroup>
  <ItemGroup>
    <ClInclude Include="lzh_link.h" />
    <ClInclude Include="lzh_mem.h" />
    <ClInclude Include="lzh_mem_page.h" />
    <ClInclude Include="..\include\lzh_engine.h">
      <Filter>include</Filter>
    </ClInclude>
    <ClInclude Include="..\include\lzh_type.h">
      <Filter>include</Filter>
    </ClInclude>
    <ClInclude Include="lzh_istruct.h" />
    <ClInclude Include="..\include\lzh_sprite.h">
      <Filter>include</Filter>
    </ClInclude>
    <ClInclude Include="..\include\lzh_keyboard.h">
      <Filter>include</Filter>
    </ClInclude>
    <ClInclude Include="..\include\lzh_object.h">
      <Filter>include</Filter>
    </ClInclude>
    <ClInclude Include="lzh_render_queue.h" />
  </ItemGroup>
  <ItemGroup>
    <Filter Include="include">
      <UniqueIdentifier>{a04ce497-85b4-44b1-a6f6-b28a32d088de}</UniqueIdentifier>
    </Filter>
  </ItemGroup>
  <ItemGroup>
    <None Include="Makefile" />
  </ItemGroup>
</Project>